
Microsoft Visual Studio Solution File, Format Version 12.00
# Visual Studio Version 17
VisualStudioVersion = 17.9.34902.65
MinimumVisualStudioVersion = 10.0.40219.1
Project("{9A19103F-16F7-4668-BE54-9A1E7A4F7556}") = "PublisherData", "PublisherData\PublisherData.csproj", "{931123BF-564C-4E9F-B0FE-662F33E22D8D}"
EndProject
Project("{9A19103F-16F7-4668-BE54-9A1E7A4F7556}") = "PublisherDomain", "PublisherDomain\PublisherDomain.csproj", "{63E25208-2C3E-4D0B-9A2B-43D11976C433}"
EndProject
Project("{9A19103F-16F7-4668-BE54-9A1E7A4F7556}") = "PublisherConsole", "PublisherConsole\PublisherConsole.csproj", "{1191CC2F-26BE-44A3-ACA6-CB41B636BDDC}"
EndProject
Project("{2150E333-8FDC-42A3-9474-1A3956D46DE8}") = "Solution Items", "Solution Items", "{D5A95A7D-FF4B-4CEB-BC84-828E4599D600}"
	ProjectSection(SolutionItems) = preProject
		SQL scripts\DBObjects.sql = SQL scripts\DBObjects.sql
	EndProjectSection
EndProject
Global
	GlobalSection(SolutionConfigurationPlatforms) = preSolution
		Debug|Any CPU = Debug|Any CPU
		Release|Any CPU = Release|Any CPU
	EndGlobalSection
	GlobalSection(ProjectConfigurationPlatforms) = postSolution
		{931123BF-564C-4E9F-B0FE-662F33E22D8D}.Debug|Any CPU.ActiveCfg = Debug|Any CPU
		{931123BF-564C-4E9F-B0FE-662F33E22D8D}.Debug|Any CPU.Build.0 = Debug|Any CPU
		{931123BF-564C-4E9F-B0FE-662F33E22D8D}.Release|Any CPU.ActiveCfg = Release|Any CPU
		{931123BF-564C-4E9F-B0FE-662F33E22D8D}.Release|Any CPU.Build.0 = Release|Any CPU
		{63E25208-2C3E-4D0B-9A2B-43D11976C433}.Debug|Any CPU.ActiveCfg = Debug|Any CPU
		{63E25208-2C3E-4D0B-9A2B-43D11976C433}.Debug|Any CPU.Build.0 = Debug|Any CPU
		{63E25208-2C3E-4D0B-9A2B-43D11976C433}.Release|Any CPU.ActiveCfg = Release|Any CPU
		{63E25208-2C3E-4D0B-9A2B-43D11976C433}.Release|Any CPU.Build.0 = Release|Any CPU
		{1191CC2F-26BE-44A3-ACA6-CB41B636BDDC}.Debug|Any CPU.ActiveCfg = Debug|Any CPU
		{1191CC2F-26BE-44A3-ACA6-CB41B636BDDC}.Debug|Any CPU.Build.0 = Debug|Any CPU
		{1191CC2F-26BE-44A3-ACA6-CB41B636BDDC}.Release|Any CPU.ActiveCfg = Release|Any CPU
		{1191CC2F-26BE-44A3-ACA6-CB41B636BDDC}.Release|Any CPU.Build.0 = Release|Any CPU
	EndGlobalSection
	GlobalSection(SolutionProperties) = preSolution
		HideSolutionNode = FALSE
	EndGlobalSection
	GlobalSection(ExtensibilityGlobals) = postSolution
		SolutionGuid = {CD9D6797-DB45-4D6D-8BB6-12C56998B8F1}
	EndGlobalSection
EndGlobal
